
Microsoft Visual Studio Solution File, Format Version 12.00
# Visual Studio Version 16
VisualStudioVersion = 16.0.30717.126
MinimumVisualStudioVersion = 10.0.40219.1
Project("{FAE04EC0-301F-11D3-BF4B-00C04F79EFBC}") = "apexcharts", "apexcharts.csproj", "{244235FE-E32C-476B-95B0-9CAD38C92AEA}"
EndProject
Global
	GlobalSection(SolutionConfigurationPlatforms) = preSolution
		Debug|Any CPU = Debug|Any CPU
		Release|Any CPU = Release|Any CPU
	EndGlobalSection
	GlobalSection(ProjectConfigurationPlatforms) = postSolution
		{244235FE-E32C-476B-95B0-9CAD38C92AEA}.Debug|Any CPU.ActiveCfg = Debug|Any CPU
		{244235FE-E32C-476B-95B0-9CAD38C92AEA}.Debug|Any CPU.Build.0 = Debug|Any CPU
		{244235FE-E32C-476B-95B0-9CAD38C92AEA}.Release|Any CPU.ActiveCfg = Release|Any CPU
		{244235FE-E32C-476B-95B0-9CAD38C92AEA}.Release|Any CPU.Build.0 = Release|Any CPU
	EndGlobalSection
	GlobalSection(SolutionProperties) = preSolution
		HideSolutionNode = FALSE
	EndGlobalSection
	GlobalSection(ExtensibilityGlobals) = postSolution
		SolutionGuid = {6692070D-B2F5-47D4-87B2-7F89CF130C0D}
	EndGlobalSection
EndGlobal
